
Microsoft Visual Studio Solution File, Format Version 12.00
# Visual Studio 15
VisualStudioVersion = 15.0.27130.2020
MinimumVisualStudioVersion = 10.0.40219.1
Project("{E24C65DC-7377-472B-9ABA-BC803B73C61A}") = "Udemy Web Boot Camp", "Udemy Web Boot Camp\", "{7D057116-C38A-4B9E-9A50-ACE606D9926A}"
	ProjectSection(WebsiteProperties) = preProject
		TargetFrameworkMoniker = ".NETFramework,Version%3Dv4.6.1"
		Debug.AspNetCompiler.VirtualPath = "/localhost_64403"
		Debug.AspNetCompiler.PhysicalPath = "Udemy Web Boot Camp\"
		Debug.AspNetCompiler.TargetPath = "PrecompiledWeb\localhost_64403\"
		Debug.AspNetCompiler.Updateable = "true"
		Debug.AspNetCompiler.ForceOverwrite = "true"
		Debug.AspNetCompiler.FixedNames = "false"
		Debug.AspNetCompiler.Debug = "True"
		Release.AspNetCompiler.VirtualPath = "/localhost_64403"
		Release.AspNetCompiler.PhysicalPath = "Udemy Web Boot Camp\"
		Release.AspNetCompiler.TargetPath = "PrecompiledWeb\localhost_64403\"
		Release.AspNetCompiler.Updateable = "true"
		Release.AspNetCompiler.ForceOverwrite = "true"
		Release.AspNetCompiler.FixedNames = "false"
		Release.AspNetCompiler.Debug = "False"
		VWDPort = "64403"
		SlnRelativePath = "Udemy Web Boot Camp\"
		DefaultWebSiteLanguage = "Visual C#"
	EndProjectSection
EndProject
Global
	GlobalSection(SolutionConfigurationPlatforms) = preSolution
		Debug|Any CPU = Debug|Any CPU
	EndGlobalSection
	GlobalSection(ProjectConfigurationPlatforms) = postSolution
		{7D057116-C38A-4B9E-9A50-ACE606D9926A}.Debug|Any CPU.ActiveCfg = Debug|Any CPU
		{7D057116-C38A-4B9E-9A50-ACE606D9926A}.Debug|Any CPU.Build.0 = Debug|Any CPU
	EndGlobalSection
	GlobalSection(SolutionProperties) = preSolution
		HideSolutionNode = FALSE
	EndGlobalSection
	GlobalSection(ExtensibilityGlobals) = postSolution
		SolutionGuid = {3733BF3B-A396-47FF-A640-CAA072F04CB9}
	EndGlobalSection
EndGlobal
